
Microsoft Visual Studio Solution File, Format Version 12.00
# Visual Studio Version 16
VisualStudioVersion = 16.0.30114.105
MinimumVisualStudioVersion = 10.0.40219.1
Project("{9A19103F-16F7-4668-BE54-9A1E7A4F7556}") = "DesignPatterns.Mediator", "DesignPatterns.Mediator\DesignPatterns.Mediator.csproj", "{32385B6C-A2EE-4975-AE73-7B2D651D3ADA}"
EndProject
Global
	GlobalSection(SolutionConfigurationPlatforms) = preSolution
		Debug|Any CPU = Debug|Any CPU
		Release|Any CPU = Release|Any CPU
	EndGlobalSection
	GlobalSection(ProjectConfigurationPlatforms) = postSolution
		{32385B6C-A2EE-4975-AE73-7B2D651D3ADA}.Debug|Any CPU.ActiveCfg = Debug|Any CPU
		{32385B6C-A2EE-4975-AE73-7B2D651D3ADA}.Debug|Any CPU.Build.0 = Debug|Any CPU
		{32385B6C-A2EE-4975-AE73-7B2D651D3ADA}.Release|Any CPU.ActiveCfg = Release|Any CPU
		{32385B6C-A2EE-4975-AE73-7B2D651D3ADA}.Release|Any CPU.Build.0 = Release|Any CPU
	EndGlobalSection
	GlobalSection(SolutionProperties) = preSolution
		HideSolutionNode = FALSE
	EndGlobalSection
	GlobalSection(ExtensibilityGlobals) = postSolution
		SolutionGuid = {133A8839-12E0-4880-8F08-A9477878534B}
	EndGlobalSection
EndGlobal
